product-source | product-framework.md | v0.21 (2026-08-04) | bytes:31449 | sha256:5a76a9e0d98691ccc20a1faa37b1607a1d4afd2ca5b17563641cad707ff9aca4

# The authoritative source is supplied outside this repository at
# /Users/undef1ned/Downloads/product-framework.md. The absolute path is recorded
# for local provenance only; release reproducibility relies on the byte length
# and SHA-256 above, not on that machine-specific path.
